lockfileVersion: '9.0'

settings:
  autoInstallPeers: true
  excludeLinksFromLockfile: false

importers:

  .:
    dependencies:
      lucide-react:
        specifier: ^1.16.0
        version: 1.16.0(react@19.2.6)
      pnpm:
        specifier: ^11.1.2
        version: 11.1.2
      zod:
        specifier: ^4.4.3
        version: 4.4.3

packages:

  lucide-react@1.16.0:
    resolution: {integrity: sha512-dYwyPzb4MEKpGUmNYk3WKWPnMrHs3FKM+q94kAnJrcDIqqn1hq2xY8scaS2ovsOCM5D51ey2gaRG3PBb1vgoYQ==}
    peerDependencies:
      react: ^16.5.1 || ^17.0.0 || ^18.0.0 || ^19.0.0

  pnpm@11.1.2:
    resolution: {integrity: sha512-QVocwll0cx51RVwUaDcb50xapft2IbUNQFbSIkUWCfEUEvI/1gLmFp8eBgRmZB95hZfhvpYaEGiINqZ7FlaUmQ==}
    engines: {node: '>=22.13'}
    hasBin: true

  react@19.2.6:
    resolution: {integrity: sha512-sfWGGfavi0xr8Pg0sVsyHMAOziVYKgPLNrS7ig+ivMNb3wbCBw3KxtflsGBAwD3gYQlE/AEZsTLgToRrSCjb0Q==}
    engines: {node: '>=0.10.0'}

  zod@4.4.3:
    resolution: {integrity: sha512-ytENFjIJFl2UwYglde2jchW2Hwm4GJFLDiSXWdTrJQBIN9Fcyp7n4DhxJEiWNAJMV1/BqWfW/kkg71UDcHJyTQ==}

snapshots:

  lucide-react@1.16.0(react@19.2.6):
    dependencies:
      react: 19.2.6

  pnpm@11.1.2: {}

  react@19.2.6: {}

  zod@4.4.3: {}
